
Microsoft Visual Studio Solution File, Format Version 12.00
# Visual Studio Version 16
VisualStudioVersion = 16.0.34031.81
MinimumVisualStudioVersion = 10.0.40219.1
Project("{FAE04EC0-301F-11D3-BF4B-00C04F79EFBC}") = "Bai01", "Bai01\Bai01.csproj", "{EA7063E7-EE97-431B-B48B-B7EE5EEB430E}"
EndProject
Project("{FAE04EC0-301F-11D3-BF4B-00C04F79EFBC}") = "Bai02", "Bai02\Bai02.csproj", "{FD9CDC4B-906E-4EBA-BF77-EFC67C55D81D}"
EndProject
Global
	GlobalSection(SolutionConfigurationPlatforms) = preSolution
		Debug|Any CPU = Debug|Any CPU
		Release|Any CPU = Release|Any CPU
	EndGlobalSection
	GlobalSection(ProjectConfigurationPlatforms) = postSolution
		{EA7063E7-EE97-431B-B48B-B7EE5EEB430E}.Debug|Any CPU.ActiveCfg = Debug|Any CPU
		{EA7063E7-EE97-431B-B48B-B7EE5EEB430E}.Debug|Any CPU.Build.0 = Debug|Any CPU
		{EA7063E7-EE97-431B-B48B-B7EE5EEB430E}.Release|Any CPU.ActiveCfg = Release|Any CPU
		{EA7063E7-EE97-431B-B48B-B7EE5EEB430E}.Release|Any CPU.Build.0 = Release|Any CPU
		{FD9CDC4B-906E-4EBA-BF77-EFC67C55D81D}.Debug|Any CPU.ActiveCfg = Debug|Any CPU
		{FD9CDC4B-906E-4EBA-BF77-EFC67C55D81D}.Debug|Any CPU.Build.0 = Debug|Any CPU
		{FD9CDC4B-906E-4EBA-BF77-EFC67C55D81D}.Release|Any CPU.ActiveCfg = Release|Any CPU
		{FD9CDC4B-906E-4EBA-BF77-EFC67C55D81D}.Release|Any CPU.Build.0 = Release|Any CPU
	EndGlobalSection
	GlobalSection(SolutionProperties) = preSolution
		HideSolutionNode = FALSE
	EndGlobalSection
	GlobalSection(ExtensibilityGlobals) = postSolution
		SolutionGuid = {3714B635-0B23-4691-B287-2C0C7754BE2D}
	EndGlobalSection
EndGlobal
